{
  "name": "mpoly-cli",
  "version": "0.0.0",
  "lockfileVersion": 3,
  "requires": true,
  "packages": {
    "": {
      "name": "mpoly-cli",
      "version": "0.0.0",
      "license": "CC0-1.0",
      "dependencies": {
        "mpoly": "^0.2.0"
      },
      "bin": {
        "mpoly-cli": "bin/mpoly-cli.js"
      }
    },
    "node_modules/@turf/boolean-clockwise": {
      "version": "6.5.0",
      "resolved": "https://registry.npmjs.org/@turf/boolean-clockwise/-/boolean-clockwise-6.5.0.tgz",
      "integrity": "sha512-45+C7LC5RMbRWrxh3Z0Eihsc8db1VGBO5d9BLTOAwU4jR6SgsunTfRWR16X7JUwIDYlCVEmnjcXJNi/kIU3VIw==",
      "dependencies": {
        "@turf/helpers": "^6.5.0",
        "@turf/invariant": "^6.5.0"
      },
      "funding": {
        "url": "https://opencollective.com/turf"
      }
    },
    "node_modules/@turf/helpers": {
      "version": "6.5.0",
      "resolved": "https://registry.npmjs.org/@turf/helpers/-/helpers-6.5.0.tgz",
      "integrity": "sha512-VbI1dV5bLFzohYYdgqwikdMVpe7pJ9X3E+dlr425wa2/sMJqYDhTO++ec38/pcPvPE6oD9WEEeU3Xu3gza+VPw==",
      "funding": {
        "url": "https://opencollective.com/turf"
      }
    },
    "node_modules/@turf/invariant": {
      "version": "6.5.0",
      "resolved": "https://registry.npmjs.org/@turf/invariant/-/invariant-6.5.0.tgz",
      "integrity": "sha512-Wv8PRNCtPD31UVbdJE/KVAWKe7l6US+lJItRR/HOEW3eh+U/JwRCSUl/KZ7bmjM/C+zLNoreM2TU6OoLACs4eg==",
      "dependencies": {
        "@turf/helpers": "^6.5.0"
      },
      "funding": {
        "url": "https://opencollective.com/turf"
      }
    },
    "node_modules/@turf/meta": {
      "version": "6.5.0",
      "resolved": "https://registry.npmjs.org/@turf/meta/-/meta-6.5.0.tgz",
      "integrity": "sha512-RrArvtsV0vdsCBegoBtOalgdSOfkBrTJ07VkpiCnq/491W67hnMWmDu7e6Ztw0C3WldRYTXkg3SumfdzZxLBHA==",
      "dependencies": {
        "@turf/helpers": "^6.5.0"
      },
      "funding": {
        "url": "https://opencollective.com/turf"
      }
    },
    "node_modules/get-depth": {
      "version": "0.0.3",
      "resolved": "https://registry.npmjs.org/get-depth/-/get-depth-0.0.3.tgz",
      "integrity": "sha512-A0yWzxfqobOgDC/hGNwUYKfNlV8+WnU0EoHazVaXvLyp/I8e8f/Fx/HFS0r2i0RJ5mXj3YmyM8KSN4trtAdHvA=="
    },
    "node_modules/mpoly": {
      "version": "0.2.0",
      "resolved": "https://registry.npmjs.org/mpoly/-/mpoly-0.2.0.tgz",
      "integrity": "sha512-a84xhbuXjzYftOG+mwUos+Q4dE2/F32QhSqZj/aLRiF1LB9JkG3arMYK8UflWI3UUpy4uPSb+s0P2v0iUBboig==",
      "dependencies": {
        "@turf/boolean-clockwise": "^6.5.0",
        "@turf/meta": "^6.5.0",
        "get-depth": "^0.0.3"
      }
    }
  }
}
